{
  "requires": true,
  "lockfileVersion": 1,
  "dependencies": {
    "flask": {
      "version": "0.2.10",
      "resolved": "https://registry.npmjs.org/flask/-/flask-0.2.10.tgz",
      "integrity": "sha1-9fWkLP1YownjfGfAo5YXqBnl4bc="
    },
    "react-loader-spinner": {
      "version": "5.0.8",
      "resolved": "https://registry.npmjs.org/react-loader-spinner/-/react-loader-spinner-5.0.8.tgz",
      "integrity": "sha512-VpX+RFRdEhrH3ju+NiLcN/Oryaw7ZquH6qFHkwXU0/yhgCjeDgqoq0C/pQD8m6F0Dm8SuVXovckDL/65YBjgcw=="
    }
  }
}
